
Microsoft Visual Studio Solution File, Format Version 12.00
Project("{2150E333-8FDC-42A3-9474-1A3956D46DE8}") = "01-DataTypes", "01-DataTypes", "{EDAB067D-8E70-4765-B786-68BE1BDCEB10}"
EndProject
Project("{2150E333-8FDC-42A3-9474-1A3956D46DE8}") = "02-Equality", "02-Equality", "{D55E7D7B-CE74-4B6B-9D3C-13371BBAF315}"
EndProject
Project("{FAE04EC0-301F-11D3-BF4B-00C04F79EFBC}") = "Binary.Tests", "01-DataTypes\Binary.Tests\Binary.Tests.csproj", "{8B8358C7-CCEE-4C6F-99C1-3E8203045911}"
EndProject
Project("{FAE04EC0-301F-11D3-BF4B-00C04F79EFBC}") = "Collection.Tests", "01-DataTypes\Collection.Tests\Collection.Tests.csproj", "{2443FE28-4004-45C7-A518-7E86A6CFEF13}"
EndProject
Project("{FAE04EC0-301F-11D3-BF4B-00C04F79EFBC}") = "Sorting.Tests", "01-DataTypes\Sorting.Tests\Sorting.Tests.csproj", "{110FEC83-BDD9-4305-8529-48B766C6413B}"
EndProject
Project("{FAE04EC0-301F-11D3-BF4B-00C04F79EFBC}") = "Equality", "02-Equality\Equality\Equality.csproj", "{DD792DDE-7207-4A5C-9761-9F42F54FE32B}"
EndProject
Project("{FAE04EC0-301F-11D3-BF4B-00C04F79EFBC}") = "Equality.Lib", "02-Equality\Equality.Lib\Equality.Lib.csproj", "{23BAF806-43F5-4D25-84C7-4DA93F767277}"
EndProject
Project("{FAE04EC0-301F-11D3-BF4B-00C04F79EFBC}") = "Equality.Tests", "02-Equality\Equality.Tests\Equality.Tests.csproj", "{28219812-F638-4488-8BC5-1E1B536B8025}"
EndProject
Project("{2150E333-8FDC-42A3-9474-1A3956D46DE8}") = "03-Memory", "03-Memory", "{93C81563-916C-4BE4-A92F-5E5975EB0F25}"
EndProject
Project("{FAE04EC0-301F-11D3-BF4B-00C04F79EFBC}") = "ReserveMemory", "03-Memory\ReserveMemory\ReserveMemory.csproj", "{B78E9CFE-7A9B-4314-BDDB-E79271A93461}"
EndProject
Project("{2150E333-8FDC-42A3-9474-1A3956D46DE8}") = "04-SOLID", "04-SOLID", "{94ED9752-8A6E-4C12-82A3-F959ACB98B8C}"
EndProject
Project("{FAE04EC0-301F-11D3-BF4B-00C04F79EFBC}") = "03-LiskovSubstitutionPattern.Tests", "04-SOLID\03-LiskovSubstitutionPattern.Tests\03-LiskovSubstitutionPattern.Tests.csproj", "{14290CFC-0C4D-4CE9-A98D-62DB3FFC143E}"
EndProject
Project("{FAE04EC0-301F-11D3-BF4B-00C04F79EFBC}") = "01-SingleResponsibilityPrinciple", "04-SOLID\01-SingleResponsibilityPrinciple\01-SingleResponsibilityPrinciple.csproj", "{341F58DF-0682-4753-BF34-C54FEAEA1A08}"
EndProject
Project("{FAE04EC0-301F-11D3-BF4B-00C04F79EFBC}") = "02-OpenClosedPrinciple", "04-SOLID\02-OpenClosedPrinciple\02-OpenClosedPrinciple.csproj", "{6E05B125-7E5F-4DA7-B1D0-13625A76EC81}"
EndProject
Project("{FAE04EC0-301F-11D3-BF4B-00C04F79EFBC}") = "04-InterfaceSegregationPrinciple", "04-SOLID\04-InterfaceSegregationPrinciple\04-InterfaceSegregationPrinciple.csproj", "{5B6559E6-2BE5-4EAA-BD05-BE556AA80C1E}"
EndProject
Project("{FAE04EC0-301F-11D3-BF4B-00C04F79EFBC}") = "05-DependencyInversionPrinciple", "04-SOLID\05-DependencyInversionPrinciple\05-DependencyInversionPrinciple.csproj", "{81A5F4B3-4FC2-4AF3-8D98-AF3353A9DFD6}"
EndProject
Project("{2150E333-8FDC-42A3-9474-1A3956D46DE8}") = "05-CleanArchitecture-Simple", "05-CleanArchitecture-Simple", "{3A77B0BD-32ED-48D0-A7D6-7855658A7928}"
EndProject
Project("{FAE04EC0-301F-11D3-BF4B-00C04F79EFBC}") = "CleanArchitecture-Simple", "05-CleanArchitecture\CleanArchitecture-Simple\CleanArchitecture-Simple.csproj", "{2E5577A1-2D7D-4E1E-A582-E0BBACEE2886}"
EndProject
Global
	GlobalSection(SolutionConfigurationPlatforms) = preSolution
		Debug|Any CPU = Debug|Any CPU
		Debug|x64 = Debug|x64
		Debug|x86 = Debug|x86
		Release|Any CPU = Release|Any CPU
		Release|x64 = Release|x64
		Release|x86 = Release|x86
	EndGlobalSection
	GlobalSection(ProjectConfigurationPlatforms) = postSolution
		{8B8358C7-CCEE-4C6F-99C1-3E8203045911}.Debug|Any CPU.ActiveCfg = Debug|Any CPU
		{8B8358C7-CCEE-4C6F-99C1-3E8203045911}.Debug|Any CPU.Build.0 = Debug|Any CPU
		{8B8358C7-CCEE-4C6F-99C1-3E8203045911}.Debug|x64.ActiveCfg = Debug|Any CPU
		{8B8358C7-CCEE-4C6F-99C1-3E8203045911}.Debug|x64.Build.0 = Debug|Any CPU
		{8B8358C7-CCEE-4C6F-99C1-3E8203045911}.Debug|x86.ActiveCfg = Debug|Any CPU
		{8B8358C7-CCEE-4C6F-99C1-3E8203045911}.Debug|x86.Build.0 = Debug|Any CPU
		{8B8358C7-CCEE-4C6F-99C1-3E8203045911}.Release|Any CPU.ActiveCfg = Release|Any CPU
		{8B8358C7-CCEE-4C6F-99C1-3E8203045911}.Release|Any CPU.Build.0 = Release|Any CPU
		{8B8358C7-CCEE-4C6F-99C1-3E8203045911}.Release|x64.ActiveCfg = Release|Any CPU
		{8B8358C7-CCEE-4C6F-99C1-3E8203045911}.Release|x64.Build.0 = Release|Any CPU
		{8B8358C7-CCEE-4C6F-99C1-3E8203045911}.Release|x86.ActiveCfg = Release|Any CPU
		{8B8358C7-CCEE-4C6F-99C1-3E8203045911}.Release|x86.Build.0 = Release|Any CPU
		{2443FE28-4004-45C7-A518-7E86A6CFEF13}.Debug|Any CPU.ActiveCfg = Debug|Any CPU
		{2443FE28-4004-45C7-A518-7E86A6CFEF13}.Debug|Any CPU.Build.0 = Debug|Any CPU
		{2443FE28-4004-45C7-A518-7E86A6CFEF13}.Debug|x64.ActiveCfg = Debug|Any CPU
		{2443FE28-4004-45C7-A518-7E86A6CFEF13}.Debug|x64.Build.0 = Debug|Any CPU
		{2443FE28-4004-45C7-A518-7E86A6CFEF13}.Debug|x86.ActiveCfg = Debug|Any CPU
		{2443FE28-4004-45C7-A518-7E86A6CFEF13}.Debug|x86.Build.0 = Debug|Any CPU
		{2443FE28-4004-45C7-A518-7E86A6CFEF13}.Release|Any CPU.ActiveCfg = Release|Any CPU
		{2443FE28-4004-45C7-A518-7E86A6CFEF13}.Release|Any CPU.Build.0 = Release|Any CPU
		{2443FE28-4004-45C7-A518-7E86A6CFEF13}.Release|x64.ActiveCfg = Release|Any CPU
		{2443FE28-4004-45C7-A518-7E86A6CFEF13}.Release|x64.Build.0 = Release|Any CPU
		{2443FE28-4004-45C7-A518-7E86A6CFEF13}.Release|x86.ActiveCfg = Release|Any CPU
		{2443FE28-4004-45C7-A518-7E86A6CFEF13}.Release|x86.Build.0 = Release|Any CPU
		{110FEC83-BDD9-4305-8529-48B766C6413B}.Debug|Any CPU.ActiveCfg = Debug|Any CPU
		{110FEC83-BDD9-4305-8529-48B766C6413B}.Debug|Any CPU.Build.0 = Debug|Any CPU
		{110FEC83-BDD9-4305-8529-48B766C6413B}.Debug|x64.ActiveCfg = Debug|Any CPU
		{110FEC83-BDD9-4305-8529-48B766C6413B}.Debug|x64.Build.0 = Debug|Any CPU
		{110FEC83-BDD9-4305-8529-48B766C6413B}.Debug|x86.ActiveCfg = Debug|Any CPU
		{110FEC83-BDD9-4305-8529-48B766C6413B}.Debug|x86.Build.0 = Debug|Any CPU
		{110FEC83-BDD9-4305-8529-48B766C6413B}.Release|Any CPU.ActiveCfg = Release|Any CPU
		{110FEC83-BDD9-4305-8529-48B766C6413B}.Release|Any CPU.Build.0 = Release|Any CPU
		{110FEC83-BDD9-4305-8529-48B766C6413B}.Release|x64.ActiveCfg = Release|Any CPU
		{110FEC83-BDD9-4305-8529-48B766C6413B}.Release|x64.Build.0 = Release|Any CPU
		{110FEC83-BDD9-4305-8529-48B766C6413B}.Release|x86.ActiveCfg = Release|Any CPU
		{110FEC83-BDD9-4305-8529-48B766C6413B}.Release|x86.Build.0 = Release|Any CPU
		{DD792DDE-7207-4A5C-9761-9F42F54FE32B}.Debug|Any CPU.ActiveCfg = Debug|Any CPU
		{DD792DDE-7207-4A5C-9761-9F42F54FE32B}.Debug|Any CPU.Build.0 = Debug|Any CPU
		{DD792DDE-7207-4A5C-9761-9F42F54FE32B}.Debug|x64.ActiveCfg = Debug|Any CPU
		{DD792DDE-7207-4A5C-9761-9F42F54FE32B}.Debug|x64.Build.0 = Debug|Any CPU
		{DD792DDE-7207-4A5C-9761-9F42F54FE32B}.Debug|x86.ActiveCfg = Debug|Any CPU
		{DD792DDE-7207-4A5C-9761-9F42F54FE32B}.Debug|x86.Build.0 = Debug|Any CPU
		{DD792DDE-7207-4A5C-9761-9F42F54FE32B}.Release|Any CPU.ActiveCfg = Release|Any CPU
		{DD792DDE-7207-4A5C-9761-9F42F54FE32B}.Release|Any CPU.Build.0 = Release|Any CPU
		{DD792DDE-7207-4A5C-9761-9F42F54FE32B}.Release|x64.ActiveCfg = Release|Any CPU
		{DD792DDE-7207-4A5C-9761-9F42F54FE32B}.Release|x64.Build.0 = Release|Any CPU
		{DD792DDE-7207-4A5C-9761-9F42F54FE32B}.Release|x86.ActiveCfg = Release|Any CPU
		{DD792DDE-7207-4A5C-9761-9F42F54FE32B}.Release|x86.Build.0 = Release|Any CPU
		{23BAF806-43F5-4D25-84C7-4DA93F767277}.Debug|Any CPU.ActiveCfg = Debug|Any CPU
		{23BAF806-43F5-4D25-84C7-4DA93F767277}.Debug|Any CPU.Build.0 = Debug|Any CPU
		{23BAF806-43F5-4D25-84C7-4DA93F767277}.Debug|x64.ActiveCfg = Debug|Any CPU
		{23BAF806-43F5-4D25-84C7-4DA93F767277}.Debug|x64.Build.0 = Debug|Any CPU
		{23BAF806-43F5-4D25-84C7-4DA93F767277}.Debug|x86.ActiveCfg = Debug|Any CPU
		{23BAF806-43F5-4D25-84C7-4DA93F767277}.Debug|x86.Build.0 = Debug|Any CPU
		{23BAF806-43F5-4D25-84C7-4DA93F767277}.Release|Any CPU.ActiveCfg = Release|Any CPU
		{23BAF806-43F5-4D25-84C7-4DA93F767277}.Release|Any CPU.Build.0 = Release|Any CPU
		{23BAF806-43F5-4D25-84C7-4DA93F767277}.Release|x64.ActiveCfg = Release|Any CPU
		{23BAF806-43F5-4D25-84C7-4DA93F767277}.Release|x64.Build.0 = Release|Any CPU
		{23BAF806-43F5-4D25-84C7-4DA93F767277}.Release|x86.ActiveCfg = Release|Any CPU
		{23BAF806-43F5-4D25-84C7-4DA93F767277}.Release|x86.Build.0 = Release|Any CPU
		{28219812-F638-4488-8BC5-1E1B536B8025}.Debug|Any CPU.ActiveCfg = Debug|Any CPU
		{28219812-F638-4488-8BC5-1E1B536B8025}.Debug|Any CPU.Build.0 = Debug|Any CPU
		{28219812-F638-4488-8BC5-1E1B536B8025}.Debug|x64.ActiveCfg = Debug|Any CPU
		{28219812-F638-4488-8BC5-1E1B536B8025}.Debug|x64.Build.0 = Debug|Any CPU
		{28219812-F638-4488-8BC5-1E1B536B8025}.Debug|x86.ActiveCfg = Debug|Any CPU
		{28219812-F638-4488-8BC5-1E1B536B8025}.Debug|x86.Build.0 = Debug|Any CPU
		{28219812-F638-4488-8BC5-1E1B536B8025}.Release|Any CPU.ActiveCfg = Release|Any CPU
		{28219812-F638-4488-8BC5-1E1B536B8025}.Release|Any CPU.Build.0 = Release|Any CPU
		{28219812-F638-4488-8BC5-1E1B536B8025}.Release|x64.ActiveCfg = Release|Any CPU
		{28219812-F638-4488-8BC5-1E1B536B8025}.Release|x64.Build.0 = Release|Any CPU
		{28219812-F638-4488-8BC5-1E1B536B8025}.Release|x86.ActiveCfg = Release|Any CPU
		{28219812-F638-4488-8BC5-1E1B536B8025}.Release|x86.Build.0 = Release|Any CPU
		{B78E9CFE-7A9B-4314-BDDB-E79271A93461}.Debug|Any CPU.ActiveCfg = Debug|Any CPU
		{B78E9CFE-7A9B-4314-BDDB-E79271A93461}.Debug|Any CPU.Build.0 = Debug|Any CPU
		{B78E9CFE-7A9B-4314-BDDB-E79271A93461}.Debug|x64.ActiveCfg = Debug|Any CPU
		{B78E9CFE-7A9B-4314-BDDB-E79271A93461}.Debug|x64.Build.0 = Debug|Any CPU
		{B78E9CFE-7A9B-4314-BDDB-E79271A93461}.Debug|x86.ActiveCfg = Debug|Any CPU
		{B78E9CFE-7A9B-4314-BDDB-E79271A93461}.Debug|x86.Build.0 = Debug|Any CPU
		{B78E9CFE-7A9B-4314-BDDB-E79271A93461}.Release|Any CPU.ActiveCfg = Release|Any CPU
		{B78E9CFE-7A9B-4314-BDDB-E79271A93461}.Release|Any CPU.Build.0 = Release|Any CPU
		{B78E9CFE-7A9B-4314-BDDB-E79271A93461}.Release|x64.ActiveCfg = Release|Any CPU
		{B78E9CFE-7A9B-4314-BDDB-E79271A93461}.Release|x64.Build.0 = Release|Any CPU
		{B78E9CFE-7A9B-4314-BDDB-E79271A93461}.Release|x86.ActiveCfg = Release|Any CPU
		{B78E9CFE-7A9B-4314-BDDB-E79271A93461}.Release|x86.Build.0 = Release|Any CPU
		{14290CFC-0C4D-4CE9-A98D-62DB3FFC143E}.Debug|Any CPU.ActiveCfg = Debug|Any CPU
		{14290CFC-0C4D-4CE9-A98D-62DB3FFC143E}.Debug|Any CPU.Build.0 = Debug|Any CPU
		{14290CFC-0C4D-4CE9-A98D-62DB3FFC143E}.Debug|x64.ActiveCfg = Debug|Any CPU
		{14290CFC-0C4D-4CE9-A98D-62DB3FFC143E}.Debug|x64.Build.0 = Debug|Any CPU
		{14290CFC-0C4D-4CE9-A98D-62DB3FFC143E}.Debug|x86.ActiveCfg = Debug|Any CPU
		{14290CFC-0C4D-4CE9-A98D-62DB3FFC143E}.Debug|x86.Build.0 = Debug|Any CPU
		{14290CFC-0C4D-4CE9-A98D-62DB3FFC143E}.Release|Any CPU.ActiveCfg = Release|Any CPU
		{14290CFC-0C4D-4CE9-A98D-62DB3FFC143E}.Release|Any CPU.Build.0 = Release|Any CPU
		{14290CFC-0C4D-4CE9-A98D-62DB3FFC143E}.Release|x64.ActiveCfg = Release|Any CPU
		{14290CFC-0C4D-4CE9-A98D-62DB3FFC143E}.Release|x64.Build.0 = Release|Any CPU
		{14290CFC-0C4D-4CE9-A98D-62DB3FFC143E}.Release|x86.ActiveCfg = Release|Any CPU
		{14290CFC-0C4D-4CE9-A98D-62DB3FFC143E}.Release|x86.Build.0 = Release|Any CPU
		{341F58DF-0682-4753-BF34-C54FEAEA1A08}.Debug|Any CPU.ActiveCfg = Debug|Any CPU
		{341F58DF-0682-4753-BF34-C54FEAEA1A08}.Debug|Any CPU.Build.0 = Debug|Any CPU
		{341F58DF-0682-4753-BF34-C54FEAEA1A08}.Debug|x64.ActiveCfg = Debug|Any CPU
		{341F58DF-0682-4753-BF34-C54FEAEA1A08}.Debug|x64.Build.0 = Debug|Any CPU
		{341F58DF-0682-4753-BF34-C54FEAEA1A08}.Debug|x86.ActiveCfg = Debug|Any CPU
		{341F58DF-0682-4753-BF34-C54FEAEA1A08}.Debug|x86.Build.0 = Debug|Any CPU
		{341F58DF-0682-4753-BF34-C54FEAEA1A08}.Release|Any CPU.ActiveCfg = Release|Any CPU
		{341F58DF-0682-4753-BF34-C54FEAEA1A08}.Release|Any CPU.Build.0 = Release|Any CPU
		{341F58DF-0682-4753-BF34-C54FEAEA1A08}.Release|x64.ActiveCfg = Release|Any CPU
		{341F58DF-0682-4753-BF34-C54FEAEA1A08}.Release|x64.Build.0 = Release|Any CPU
		{341F58DF-0682-4753-BF34-C54FEAEA1A08}.Release|x86.ActiveCfg = Release|Any CPU
		{341F58DF-0682-4753-BF34-C54FEAEA1A08}.Release|x86.Build.0 = Release|Any CPU
		{6E05B125-7E5F-4DA7-B1D0-13625A76EC81}.Debug|Any CPU.ActiveCfg = Debug|Any CPU
		{6E05B125-7E5F-4DA7-B1D0-13625A76EC81}.Debug|Any CPU.Build.0 = Debug|Any CPU
		{6E05B125-7E5F-4DA7-B1D0-13625A76EC81}.Debug|x64.ActiveCfg = Debug|Any CPU
		{6E05B125-7E5F-4DA7-B1D0-13625A76EC81}.Debug|x64.Build.0 = Debug|Any CPU
		{6E05B125-7E5F-4DA7-B1D0-13625A76EC81}.Debug|x86.ActiveCfg = Debug|Any CPU
		{6E05B125-7E5F-4DA7-B1D0-13625A76EC81}.Debug|x86.Build.0 = Debug|Any CPU
		{6E05B125-7E5F-4DA7-B1D0-13625A76EC81}.Release|Any CPU.ActiveCfg = Release|Any CPU
		{6E05B125-7E5F-4DA7-B1D0-13625A76EC81}.Release|Any CPU.Build.0 = Release|Any CPU
		{6E05B125-7E5F-4DA7-B1D0-13625A76EC81}.Release|x64.ActiveCfg = Release|Any CPU
		{6E05B125-7E5F-4DA7-B1D0-13625A76EC81}.Release|x64.Build.0 = Release|Any CPU
		{6E05B125-7E5F-4DA7-B1D0-13625A76EC81}.Release|x86.ActiveCfg = Release|Any CPU
		{6E05B125-7E5F-4DA7-B1D0-13625A76EC81}.Release|x86.Build.0 = Release|Any CPU
		{5B6559E6-2BE5-4EAA-BD05-BE556AA80C1E}.Debug|Any CPU.ActiveCfg = Debug|Any CPU
		{5B6559E6-2BE5-4EAA-BD05-BE556AA80C1E}.Debug|Any CPU.Build.0 = Debug|Any CPU
		{5B6559E6-2BE5-4EAA-BD05-BE556AA80C1E}.Debug|x64.ActiveCfg = Debug|Any CPU
		{5B6559E6-2BE5-4EAA-BD05-BE556AA80C1E}.Debug|x64.Build.0 = Debug|Any CPU
		{5B6559E6-2BE5-4EAA-BD05-BE556AA80C1E}.Debug|x86.ActiveCfg = Debug|Any CPU
		{5B6559E6-2BE5-4EAA-BD05-BE556AA80C1E}.Debug|x86.Build.0 = Debug|Any CPU
		{5B6559E6-2BE5-4EAA-BD05-BE556AA80C1E}.Release|Any CPU.ActiveCfg = Release|Any CPU
		{5B6559E6-2BE5-4EAA-BD05-BE556AA80C1E}.Release|Any CPU.Build.0 = Release|Any CPU
		{5B6559E6-2BE5-4EAA-BD05-BE556AA80C1E}.Release|x64.ActiveCfg = Release|Any CPU
		{5B6559E6-2BE5-4EAA-BD05-BE556AA80C1E}.Release|x64.Build.0 = Release|Any CPU
		{5B6559E6-2BE5-4EAA-BD05-BE556AA80C1E}.Release|x86.ActiveCfg = Release|Any CPU
		{5B6559E6-2BE5-4EAA-BD05-BE556AA80C1E}.Release|x86.Build.0 = Release|Any CPU
		{81A5F4B3-4FC2-4AF3-8D98-AF3353A9DFD6}.Debug|Any CPU.ActiveCfg = Debug|Any CPU
		{81A5F4B3-4FC2-4AF3-8D98-AF3353A9DFD6}.Debug|Any CPU.Build.0 = Debug|Any CPU
		{81A5F4B3-4FC2-4AF3-8D98-AF3353A9DFD6}.Debug|x64.ActiveCfg = Debug|Any CPU
		{81A5F4B3-4FC2-4AF3-8D98-AF3353A9DFD6}.Debug|x64.Build.0 = Debug|Any CPU
		{81A5F4B3-4FC2-4AF3-8D98-AF3353A9DFD6}.Debug|x86.ActiveCfg = Debug|Any CPU
		{81A5F4B3-4FC2-4AF3-8D98-AF3353A9DFD6}.Debug|x86.Build.0 = Debug|Any CPU
		{81A5F4B3-4FC2-4AF3-8D98-AF3353A9DFD6}.Release|Any CPU.ActiveCfg = Release|Any CPU
		{81A5F4B3-4FC2-4AF3-8D98-AF3353A9DFD6}.Release|Any CPU.Build.0 = Release|Any CPU
		{81A5F4B3-4FC2-4AF3-8D98-AF3353A9DFD6}.Release|x64.ActiveCfg = Release|Any CPU
		{81A5F4B3-4FC2-4AF3-8D98-AF3353A9DFD6}.Release|x64.Build.0 = Release|Any CPU
		{81A5F4B3-4FC2-4AF3-8D98-AF3353A9DFD6}.Release|x86.ActiveCfg = Release|Any CPU
		{81A5F4B3-4FC2-4AF3-8D98-AF3353A9DFD6}.Release|x86.Build.0 = Release|Any CPU
		{2E5577A1-2D7D-4E1E-A582-E0BBACEE2886}.Debug|Any CPU.ActiveCfg = Debug|Any CPU
		{2E5577A1-2D7D-4E1E-A582-E0BBACEE2886}.Debug|Any CPU.Build.0 = Debug|Any CPU
		{2E5577A1-2D7D-4E1E-A582-E0BBACEE2886}.Debug|x64.ActiveCfg = Debug|Any CPU
		{2E5577A1-2D7D-4E1E-A582-E0BBACEE2886}.Debug|x64.Build.0 = Debug|Any CPU
		{2E5577A1-2D7D-4E1E-A582-E0BBACEE2886}.Debug|x86.ActiveCfg = Debug|Any CPU
		{2E5577A1-2D7D-4E1E-A582-E0BBACEE2886}.Debug|x86.Build.0 = Debug|Any CPU
		{2E5577A1-2D7D-4E1E-A582-E0BBACEE2886}.Release|Any CPU.ActiveCfg = Release|Any CPU
		{2E5577A1-2D7D-4E1E-A582-E0BBACEE2886}.Release|Any CPU.Build.0 = Release|Any CPU
		{2E5577A1-2D7D-4E1E-A582-E0BBACEE2886}.Release|x64.ActiveCfg = Release|Any CPU
		{2E5577A1-2D7D-4E1E-A582-E0BBACEE2886}.Release|x64.Build.0 = Release|Any CPU
		{2E5577A1-2D7D-4E1E-A582-E0BBACEE2886}.Release|x86.ActiveCfg = Release|Any CPU
		{2E5577A1-2D7D-4E1E-A582-E0BBACEE2886}.Release|x86.Build.0 = Release|Any CPU
	EndGlobalSection
	GlobalSection(SolutionProperties) = preSolution
		HideSolutionNode = FALSE
	EndGlobalSection
	GlobalSection(NestedProjects) = preSolution
		{8B8358C7-CCEE-4C6F-99C1-3E8203045911} = {EDAB067D-8E70-4765-B786-68BE1BDCEB10}
		{2443FE28-4004-45C7-A518-7E86A6CFEF13} = {EDAB067D-8E70-4765-B786-68BE1BDCEB10}
		{110FEC83-BDD9-4305-8529-48B766C6413B} = {EDAB067D-8E70-4765-B786-68BE1BDCEB10}
		{DD792DDE-7207-4A5C-9761-9F42F54FE32B} = {D55E7D7B-CE74-4B6B-9D3C-13371BBAF315}
		{23BAF806-43F5-4D25-84C7-4DA93F767277} = {D55E7D7B-CE74-4B6B-9D3C-13371BBAF315}
		{28219812-F638-4488-8BC5-1E1B536B8025} = {D55E7D7B-CE74-4B6B-9D3C-13371BBAF315}
		{B78E9CFE-7A9B-4314-BDDB-E79271A93461} = {93C81563-916C-4BE4-A92F-5E5975EB0F25}
		{14290CFC-0C4D-4CE9-A98D-62DB3FFC143E} = {94ED9752-8A6E-4C12-82A3-F959ACB98B8C}
		{341F58DF-0682-4753-BF34-C54FEAEA1A08} = {94ED9752-8A6E-4C12-82A3-F959ACB98B8C}
		{6E05B125-7E5F-4DA7-B1D0-13625A76EC81} = {94ED9752-8A6E-4C12-82A3-F959ACB98B8C}
		{5B6559E6-2BE5-4EAA-BD05-BE556AA80C1E} = {94ED9752-8A6E-4C12-82A3-F959ACB98B8C}
		{81A5F4B3-4FC2-4AF3-8D98-AF3353A9DFD6} = {94ED9752-8A6E-4C12-82A3-F959ACB98B8C}
		{2E5577A1-2D7D-4E1E-A582-E0BBACEE2886} = {3A77B0BD-32ED-48D0-A7D6-7855658A7928}
	EndGlobalSection
EndGlobal
